
Microsoft Visual Studio Solution File, Format Version 12.00
# Visual Studio 2013
VisualStudioVersion = 12.0.31101.0
MinimumVisualStudioVersion = 10.0.40219.1
Project("{2150E333-8FDC-42A3-9474-1A3956D46DE8}") = "Engine", "Engine", "{5EA05AA1-DAA7-4DD7-A4F5-A7A9B84F4191}"
EndProject
Project("{2150E333-8FDC-42A3-9474-1A3956D46DE8}") = "Games", "Games", "{80C7AB65-6F45-42AA-9F87-CE1A5561021C}"
EndProject
Project("{8BC9CEB8-8B4A-11D0-8D11-00A0C91BC942}") = "Polygon4", "Intermediate\ProjectFiles\Polygon4.vcxproj", "{B5AAEDCD-D7D3-40F6-9449-6438509BB108}"
EndProject
Project("{8BC9CEB8-8B4A-11D0-8D11-00A0C91BC942}") = "UE4", "Intermediate\ProjectFiles\UE4.vcxproj", "{BFDA0879-DA2F-4887-8925-1D09549CEDA0}"
EndProject
Global
	GlobalSection(SolutionConfigurationPlatforms) = preSolution
		DebugGame Editor|Windows = DebugGame Editor|Windows
		DebugGame|Windows = DebugGame|Windows
		Development Editor|Windows = Development Editor|Windows
		Development|Windows = Development|Windows
		Shipping|Windows = Shipping|Windows
	EndGlobalSection
	GlobalSection(ProjectConfigurationPlatforms) = postSolution
		{B5AAEDCD-D7D3-40F6-9449-6438509BB108}.DebugGame Editor|Windows.ActiveCfg = DebugGame_Editor|x64
		{B5AAEDCD-D7D3-40F6-9449-6438509BB108}.DebugGame Editor|Windows.Build.0 = DebugGame_Editor|x64
		{B5AAEDCD-D7D3-40F6-9449-6438509BB108}.DebugGame|Windows.ActiveCfg = DebugGame_Game|x64
		{B5AAEDCD-D7D3-40F6-9449-6438509BB108}.DebugGame|Windows.Build.0 = DebugGame_Game|x64
		{B5AAEDCD-D7D3-40F6-9449-6438509BB108}.Development Editor|Windows.ActiveCfg = Development_Editor|x64
		{B5AAEDCD-D7D3-40F6-9449-6438509BB108}.Development Editor|Windows.Build.0 = Development_Editor|x64
		{B5AAEDCD-D7D3-40F6-9449-6438509BB108}.Development|Windows.ActiveCfg = Development_Game|x64
		{B5AAEDCD-D7D3-40F6-9449-6438509BB108}.Development|Windows.Build.0 = Development_Game|x64
		{B5AAEDCD-D7D3-40F6-9449-6438509BB108}.Shipping|Windows.ActiveCfg = Shipping_Game|Win32
		{B5AAEDCD-D7D3-40F6-9449-6438509BB108}.Shipping|Windows.Build.0 = Shipping_Game|Win32
		{BFDA0879-DA2F-4887-8925-1D09549CEDA0}.DebugGame Editor|Windows.ActiveCfg = BuiltWithUnrealBuildTool|Win32
		{BFDA0879-DA2F-4887-8925-1D09549CEDA0}.DebugGame|Windows.ActiveCfg = BuiltWithUnrealBuildTool|Win32
		{BFDA0879-DA2F-4887-8925-1D09549CEDA0}.Development Editor|Windows.ActiveCfg = BuiltWithUnrealBuildTool|Win32
		{BFDA0879-DA2F-4887-8925-1D09549CEDA0}.Development|Windows.ActiveCfg = BuiltWithUnrealBuildTool|Win32
		{BFDA0879-DA2F-4887-8925-1D09549CEDA0}.Shipping|Windows.ActiveCfg = BuiltWithUnrealBuildTool|Win32
	EndGlobalSection
	GlobalSection(SolutionProperties) = preSolution
		HideSolutionNode = FALSE
	EndGlobalSection
	GlobalSection(NestedProjects) = preSolution
		{B5AAEDCD-D7D3-40F6-9449-6438509BB108} = {80C7AB65-6F45-42AA-9F87-CE1A5561021C}
		{BFDA0879-DA2F-4887-8925-1D09549CEDA0} = {5EA05AA1-DAA7-4DD7-A4F5-A7A9B84F4191}
	EndGlobalSection
EndGlobal
